
Microsoft Visual Studio Solution File, Format Version 12.00
# Visual Studio 15
Project("{FAE04EC0-301F-11D3-BF4B-00C04F79EFBC}") = "MOW_Cheyenne", "MOW_Cheyenne\MOW_Cheyenne.csproj", "{5FC73AC6-028F-47A2-88B4-42F70F5D946D}"
EndProject
Global
	GlobalSection(SolutionConfigurationPlatforms) = preSolution
		Debug|Any CPU = Debug|Any CPU
		Release|Any CPU = Release|Any CPU
	EndGlobalSection
	GlobalSection(ProjectConfigurationPlatforms) = postSolution
		{5FC73AC6-028F-47A2-88B4-42F70F5D946D}.Debug|Any CPU.ActiveCfg = Debug|Any CPU
		{5FC73AC6-028F-47A2-88B4-42F70F5D946D}.Debug|Any CPU.Build.0 = Debug|Any CPU
		{5FC73AC6-028F-47A2-88B4-42F70F5D946D}.Release|Any CPU.ActiveCfg = Release|Any CPU
		{5FC73AC6-028F-47A2-88B4-42F70F5D946D}.Release|Any CPU.Build.0 = Release|Any CPU
	EndGlobalSection
EndGlobal
